
Microsoft Visual Studio Solution File, Format Version 12.00
# Visual Studio Version 16
VisualStudioVersion = 16.0.30225.117
MinimumVisualStudioVersion = 10.0.40219.1
Project("{FAE04EC0-301F-11D3-BF4B-00C04F79EFBC}") = "Storytime", "Storytime\Storytime.csproj", "{A5122331-440D-4D9A-BDC8-8B49E6B2AE6A}"
EndProject
Global
	GlobalSection(SolutionConfigurationPlatforms) = preSolution
		Debug|Any CPU = Debug|Any CPU
		Release|Any CPU = Release|Any CPU
	EndGlobalSection
	GlobalSection(ProjectConfigurationPlatforms) = postSolution
		{A5122331-440D-4D9A-BDC8-8B49E6B2AE6A}.Debug|Any CPU.ActiveCfg = Debug|Any CPU
		{A5122331-440D-4D9A-BDC8-8B49E6B2AE6A}.Debug|Any CPU.Build.0 = Debug|Any CPU
		{A5122331-440D-4D9A-BDC8-8B49E6B2AE6A}.Release|Any CPU.ActiveCfg = Release|Any CPU
		{A5122331-440D-4D9A-BDC8-8B49E6B2AE6A}.Release|Any CPU.Build.0 = Release|Any CPU
	EndGlobalSection
	GlobalSection(SolutionProperties) = preSolution
		HideSolutionNode = FALSE
	EndGlobalSection
	GlobalSection(ExtensibilityGlobals) = postSolution
		SolutionGuid = {B674FAB7-F771-45B2-9181-B76BE3E1AC49}
	EndGlobalSection
EndGlobal
